
Microsoft Visual Studio Solution File, Format Version 12.00
# Visual Studio Version 16
VisualStudioVersion = 16.0.30114.105
MinimumVisualStudioVersion = 10.0.40219.1
Project("{2150E333-8FDC-42A3-9474-1A3956D46DE8}") = "src", "src", "{65895949-768B-4BBD-9912-ADC6A2A972A7}"
EndProject
Project("{FAE04EC0-301F-11D3-BF4B-00C04F79EFBC}") = "Abbot.CommandLine", "src\Abbot.CommandLine\Abbot.CommandLine.csproj", "{A519EBE0-83F2-4467-9C93-FC2C0FBE7FBC}"
EndProject
Global
	GlobalSection(SolutionConfigurationPlatforms) = preSolution
		Debug|Any CPU = Debug|Any CPU
		Debug|x64 = Debug|x64
		Debug|x86 = Debug|x86
		Release|Any CPU = Release|Any CPU
		Release|x64 = Release|x64
		Release|x86 = Release|x86
	EndGlobalSection
	GlobalSection(SolutionProperties) = preSolution
		HideSolutionNode = FALSE
	EndGlobalSection
	GlobalSection(ProjectConfigurationPlatforms) = postSolution
		{A519EBE0-83F2-4467-9C93-FC2C0FBE7FBC}.Debug|Any CPU.ActiveCfg = Debug|Any CPU
		{A519EBE0-83F2-4467-9C93-FC2C0FBE7FBC}.Debug|Any CPU.Build.0 = Debug|Any CPU
		{A519EBE0-83F2-4467-9C93-FC2C0FBE7FBC}.Debug|x64.ActiveCfg = Debug|Any CPU
		{A519EBE0-83F2-4467-9C93-FC2C0FBE7FBC}.Debug|x64.Build.0 = Debug|Any CPU
		{A519EBE0-83F2-4467-9C93-FC2C0FBE7FBC}.Debug|x86.ActiveCfg = Debug|Any CPU
		{A519EBE0-83F2-4467-9C93-FC2C0FBE7FBC}.Debug|x86.Build.0 = Debug|Any CPU
		{A519EBE0-83F2-4467-9C93-FC2C0FBE7FBC}.Release|Any CPU.ActiveCfg = Release|Any CPU
		{A519EBE0-83F2-4467-9C93-FC2C0FBE7FBC}.Release|Any CPU.Build.0 = Release|Any CPU
		{A519EBE0-83F2-4467-9C93-FC2C0FBE7FBC}.Release|x64.ActiveCfg = Release|Any CPU
		{A519EBE0-83F2-4467-9C93-FC2C0FBE7FBC}.Release|x64.Build.0 = Release|Any CPU
		{A519EBE0-83F2-4467-9C93-FC2C0FBE7FBC}.Release|x86.ActiveCfg = Release|Any CPU
		{A519EBE0-83F2-4467-9C93-FC2C0FBE7FBC}.Release|x86.Build.0 = Release|Any CPU
	EndGlobalSection
	GlobalSection(NestedProjects) = preSolution
		{A519EBE0-83F2-4467-9C93-FC2C0FBE7FBC} = {65895949-768B-4BBD-9912-ADC6A2A972A7}
	EndGlobalSection
EndGlobal
