
Microsoft Visual Studio Solution File, Format Version 12.00
# Visual Studio Version 17
VisualStudioVersion = 17.0.31903.59
MinimumVisualStudioVersion = 10.0.40219.1
Project("{2150E333-8FDC-42A3-9474-1A3956D46DE8}") = "src", "src", "{11FAA287-517D-4DD3-B9C0-98F6E4851F70}"
EndProject
Project("{FAE04EC0-301F-11D3-BF4B-00C04F79EFBC}") = "Abbot.CommandLine", "src\Abbot.CommandLine\Abbot.CommandLine.csproj", "{AFDF1477-3686-49E0-875F-FEAB2413C915}"
EndProject
Project("{FAE04EC0-301F-11D3-BF4B-00C04F79EFBC}") = "Serious.IO", "src\Serious.IO\Serious.IO.csproj", "{06A2ADB3-0A47-4966-979B-D1EC0AAE81BB}"
EndProject
Project("{FAE04EC0-301F-11D3-BF4B-00C04F79EFBC}") = "Serious.Secrets", "src\Serious.Secrets\Serious.Secrets.csproj", "{70BA3162-307A-43E9-B2A0-6DF1A97ECD65}"
EndProject
Project("{2150E333-8FDC-42A3-9474-1A3956D46DE8}") = "tests", "tests", "{944947C6-9F7D-43A5-A6B9-3338CC148F8C}"
EndProject
Project("{FAE04EC0-301F-11D3-BF4B-00C04F79EFBC}") = "Abbot.CommandLine.Tests", "tests\Abbot.CommandLine.Tests\Abbot.CommandLine.Tests.csproj", "{966CDEB5-FCD9-41D7-BA84-F0C8749B4320}"
EndProject
Project("{FAE04EC0-301F-11D3-BF4B-00C04F79EFBC}") = "Serious.Secrets.Tests", "tests\Serious.Secrets.Tests\Serious.Secrets.Tests.csproj", "{B23AA591-B036-414C-A0D0-3C74D91432C5}"
EndProject
Project("{FAE04EC0-301F-11D3-BF4B-00C04F79EFBC}") = "TestFakes", "tests\TestFakes\TestFakes.csproj", "{3A82E608-28DC-4198-AC42-352FE2808097}"
EndProject
Project("{2150E333-8FDC-42A3-9474-1A3956D46DE8}") = "_meta", "_meta", "{3EF53436-DC53-4D74-A332-45D8AE800782}"
	ProjectSection(SolutionItems) = preProject
		README.md = README.md
	EndProjectSection
EndProject
Project("{2150E333-8FDC-42A3-9474-1A3956D46DE8}") = "build", "build", "{35AAEE02-DED6-4592-8D62-147351922307}"
	ProjectSection(SolutionItems) = preProject
		.github\workflows\main.yml = .github\workflows\main.yml
		.gitattributes = .gitattributes
		.gitignore = .gitignore
		Directory.Build.props = Directory.Build.props
	EndProjectSection
EndProject
Global
	GlobalSection(SolutionConfigurationPlatforms) = preSolution
		Debug|Any CPU = Debug|Any CPU
		Release|Any CPU = Release|Any CPU
	EndGlobalSection
	GlobalSection(SolutionProperties) = preSolution
		HideSolutionNode = FALSE
	EndGlobalSection
	GlobalSection(ProjectConfigurationPlatforms) = postSolution
		{AFDF1477-3686-49E0-875F-FEAB2413C915}.Debug|Any CPU.ActiveCfg = Debug|Any CPU
		{AFDF1477-3686-49E0-875F-FEAB2413C915}.Debug|Any CPU.Build.0 = Debug|Any CPU
		{AFDF1477-3686-49E0-875F-FEAB2413C915}.Release|Any CPU.ActiveCfg = Release|Any CPU
		{AFDF1477-3686-49E0-875F-FEAB2413C915}.Release|Any CPU.Build.0 = Release|Any CPU
		{06A2ADB3-0A47-4966-979B-D1EC0AAE81BB}.Debug|Any CPU.ActiveCfg = Debug|Any CPU
		{06A2ADB3-0A47-4966-979B-D1EC0AAE81BB}.Debug|Any CPU.Build.0 = Debug|Any CPU
		{06A2ADB3-0A47-4966-979B-D1EC0AAE81BB}.Release|Any CPU.ActiveCfg = Release|Any CPU
		{06A2ADB3-0A47-4966-979B-D1EC0AAE81BB}.Release|Any CPU.Build.0 = Release|Any CPU
		{70BA3162-307A-43E9-B2A0-6DF1A97ECD65}.Debug|Any CPU.ActiveCfg = Debug|Any CPU
		{70BA3162-307A-43E9-B2A0-6DF1A97ECD65}.Debug|Any CPU.Build.0 = Debug|Any CPU
		{70BA3162-307A-43E9-B2A0-6DF1A97ECD65}.Release|Any CPU.ActiveCfg = Release|Any CPU
		{70BA3162-307A-43E9-B2A0-6DF1A97ECD65}.Release|Any CPU.Build.0 = Release|Any CPU
		{966CDEB5-FCD9-41D7-BA84-F0C8749B4320}.Debug|Any CPU.ActiveCfg = Debug|Any CPU
		{966CDEB5-FCD9-41D7-BA84-F0C8749B4320}.Debug|Any CPU.Build.0 = Debug|Any CPU
		{966CDEB5-FCD9-41D7-BA84-F0C8749B4320}.Release|Any CPU.ActiveCfg = Release|Any CPU
		{966CDEB5-FCD9-41D7-BA84-F0C8749B4320}.Release|Any CPU.Build.0 = Release|Any CPU
		{B23AA591-B036-414C-A0D0-3C74D91432C5}.Debug|Any CPU.ActiveCfg = Debug|Any CPU
		{B23AA591-B036-414C-A0D0-3C74D91432C5}.Debug|Any CPU.Build.0 = Debug|Any CPU
		{B23AA591-B036-414C-A0D0-3C74D91432C5}.Release|Any CPU.ActiveCfg = Release|Any CPU
		{B23AA591-B036-414C-A0D0-3C74D91432C5}.Release|Any CPU.Build.0 = Release|Any CPU
		{3A82E608-28DC-4198-AC42-352FE2808097}.Debug|Any CPU.ActiveCfg = Debug|Any CPU
		{3A82E608-28DC-4198-AC42-352FE2808097}.Debug|Any CPU.Build.0 = Debug|Any CPU
		{3A82E608-28DC-4198-AC42-352FE2808097}.Release|Any CPU.ActiveCfg = Release|Any CPU
		{3A82E608-28DC-4198-AC42-352FE2808097}.Release|Any CPU.Build.0 = Release|Any CPU
	EndGlobalSection
	GlobalSection(NestedProjects) = preSolution
		{AFDF1477-3686-49E0-875F-FEAB2413C915} = {11FAA287-517D-4DD3-B9C0-98F6E4851F70}
		{06A2ADB3-0A47-4966-979B-D1EC0AAE81BB} = {11FAA287-517D-4DD3-B9C0-98F6E4851F70}
		{70BA3162-307A-43E9-B2A0-6DF1A97ECD65} = {11FAA287-517D-4DD3-B9C0-98F6E4851F70}
		{966CDEB5-FCD9-41D7-BA84-F0C8749B4320} = {944947C6-9F7D-43A5-A6B9-3338CC148F8C}
		{B23AA591-B036-414C-A0D0-3C74D91432C5} = {944947C6-9F7D-43A5-A6B9-3338CC148F8C}
		{3A82E608-28DC-4198-AC42-352FE2808097} = {944947C6-9F7D-43A5-A6B9-3338CC148F8C}
	EndGlobalSection
EndGlobal
