{
  "version": 1,
  "dependencies": {
    ".NETStandard,Version=v2.1": {
      "Microsoft.AspNetCore.DataProtection.Abstractions": {
        "type": "Direct",
        "requested": "[7.0.2, )",
        "resolved": "7.0.2",
        "contentHash": "fG7yxz9hFPcgOpSXmZbGk0VFFXpXwoXMGBwPa/d98GhpZNnBmHJv/PRb4VPK4rEqqd8wkUq1OAnzmHNO76BpOA=="
      },
      "serious.io": {
        "type": "Project"
      }
    }
  }
}